
Microsoft Visual Studio Solution File, Format Version 12.00
# Visual Studio Version 16
VisualStudioVersion = 16.0.32413.511
MinimumVisualStudioVersion = 10.0.40219.1
Project("{FAE04EC0-301F-11D3-BF4B-00C04F79EFBC}") = "task_2", "task_2\task_2.csproj", "{402D25D8-FCC3-4040-B815-76C4A52B4887}"
EndProject
Global
	GlobalSection(SolutionConfigurationPlatforms) = preSolution
		Debug|Any CPU = Debug|Any CPU
		Release|Any CPU = Release|Any CPU
	EndGlobalSection
	GlobalSection(ProjectConfigurationPlatforms) = postSolution
		{402D25D8-FCC3-4040-B815-76C4A52B4887}.Debug|Any CPU.ActiveCfg = Debug|Any CPU
		{402D25D8-FCC3-4040-B815-76C4A52B4887}.Debug|Any CPU.Build.0 = Debug|Any CPU
		{402D25D8-FCC3-4040-B815-76C4A52B4887}.Release|Any CPU.ActiveCfg = Release|Any CPU
		{402D25D8-FCC3-4040-B815-76C4A52B4887}.Release|Any CPU.Build.0 = Release|Any CPU
	EndGlobalSection
	GlobalSection(SolutionProperties) = preSolution
		HideSolutionNode = FALSE
	EndGlobalSection
	GlobalSection(ExtensibilityGlobals) = postSolution
		SolutionGuid = {50787D74-FC91-4BA7-97D2-D1B254C626E5}
	EndGlobalSection
EndGlobal
